
Microsoft Visual Studio Solution File, Format Version 12.00
# Visual Studio Version 17
VisualStudioVersion = 17.8.34511.84
MinimumVisualStudioVersion = 10.0.40219.1
Project("{FAE04EC0-301F-11D3-BF4B-00C04F79EFBC}") = "TelecomManagementSystem.ConsoleApp", "TelecomManagementSystem.ConsoleApp\TelecomManagementSystem.ConsoleApp.csproj", "{41C4A56E-A179-4A7D-8F68-C890432E5CAA}"
EndProject
Project("{FAE04EC0-301F-11D3-BF4B-00C04F79EFBC}") = "TelecomManagement.Domain", "TelecomManagement.Domain\TelecomManagement.Domain.csproj", "{109C5862-2454-485C-B2A1-D6B0D1036DAB}"
EndProject
Project("{FAE04EC0-301F-11D3-BF4B-00C04F79EFBC}") = "TelecomManagement.Data", "TelecomManagement.Data\TelecomManagement.Data.csproj", "{62C9A24F-A689-4A80-8409-0EF57FBD1222}"
EndProject
Project("{FAE04EC0-301F-11D3-BF4B-00C04F79EFBC}") = "TelecomManagement.Services", "TelecomManagement.Services\TelecomManagement.Services.csproj", "{9DCCDD67-D153-43BF-AA54-08CBFA1FB9CA}"
EndProject
Global
	GlobalSection(SolutionConfigurationPlatforms) = preSolution
		Debug|Any CPU = Debug|Any CPU
		Release|Any CPU = Release|Any CPU
	EndGlobalSection
	GlobalSection(ProjectConfigurationPlatforms) = postSolution
		{41C4A56E-A179-4A7D-8F68-C890432E5CAA}.Debug|Any CPU.ActiveCfg = Debug|Any CPU
		{41C4A56E-A179-4A7D-8F68-C890432E5CAA}.Debug|Any CPU.Build.0 = Debug|Any CPU
		{41C4A56E-A179-4A7D-8F68-C890432E5CAA}.Release|Any CPU.ActiveCfg = Release|Any CPU
		{41C4A56E-A179-4A7D-8F68-C890432E5CAA}.Release|Any CPU.Build.0 = Release|Any CPU
		{109C5862-2454-485C-B2A1-D6B0D1036DAB}.Debug|Any CPU.ActiveCfg = Debug|Any CPU
		{109C5862-2454-485C-B2A1-D6B0D1036DAB}.Debug|Any CPU.Build.0 = Debug|Any CPU
		{109C5862-2454-485C-B2A1-D6B0D1036DAB}.Release|Any CPU.ActiveCfg = Release|Any CPU
		{109C5862-2454-485C-B2A1-D6B0D1036DAB}.Release|Any CPU.Build.0 = Release|Any CPU
		{62C9A24F-A689-4A80-8409-0EF57FBD1222}.Debug|Any CPU.ActiveCfg = Debug|Any CPU
		{62C9A24F-A689-4A80-8409-0EF57FBD1222}.Debug|Any CPU.Build.0 = Debug|Any CPU
		{62C9A24F-A689-4A80-8409-0EF57FBD1222}.Release|Any CPU.ActiveCfg = Release|Any CPU
		{62C9A24F-A689-4A80-8409-0EF57FBD1222}.Release|Any CPU.Build.0 = Release|Any CPU
		{9DCCDD67-D153-43BF-AA54-08CBFA1FB9CA}.Debug|Any CPU.ActiveCfg = Debug|Any CPU
		{9DCCDD67-D153-43BF-AA54-08CBFA1FB9CA}.Debug|Any CPU.Build.0 = Debug|Any CPU
		{9DCCDD67-D153-43BF-AA54-08CBFA1FB9CA}.Release|Any CPU.ActiveCfg = Release|Any CPU
		{9DCCDD67-D153-43BF-AA54-08CBFA1FB9CA}.Release|Any CPU.Build.0 = Release|Any CPU
	EndGlobalSection
	GlobalSection(SolutionProperties) = preSolution
		HideSolutionNode = FALSE
	EndGlobalSection
	GlobalSection(ExtensibilityGlobals) = postSolution
		SolutionGuid = {F837B1BE-DE76-4B1E-B7A1-D7C3C6613277}
	EndGlobalSection
EndGlobal
